{
  "name": "hero-wars-bot",
  "version": "1.0.0",
  "lockfileVersion": 3,
  "requires": true,
  "packages": {
    "": {
      "name": "hero-wars-bot",
      "version": "1.0.0",
      "license": "ISC",
      "dependencies": {
        "adbkit": "2.0.17"
      },
      "devDependencies": {
        "typescript": "5.1.6"
      }
    },
    "node_modules/adbkit": {
      "version": "2.0.17",
      "resolved": "https://registry.npmjs.org/adbkit/-/adbkit-2.0.17.tgz",
      "integrity": "sha512-XHddeCCSSF/IONTbeBM2FcibNoY7VdAEGca2rxYuXaT9H6j4YhQOg5+MOWSQaVtd3Wo5HXFA9PQojvp6DZvU+A==",
      "dependencies": {
        "adbkit-logcat": "~1.0.3",
        "adbkit-monkey": "~1.0.1",
        "bluebird": "~1.1.0",
        "debug": "~0.7.4",
        "split": "~0.2.10"
      },
      "engines": {
        "node": ">= 0.10.4"
      }
    },
    "node_modules/adbkit-logcat": {
      "version": "1.0.3",
      "resolved": "https://registry.npmjs.org/adbkit-logcat/-/adbkit-logcat-1.0.3.tgz",
      "integrity": "sha512-AihowQCFersItXBtJs5iNHzm8gpDNArW//Wx6BmSPILRxfQR7RqpNX9/uR+fA+nEyDzYv+O3/XJpPBu5Rmbd+w==",
      "engines": {
        "node": ">= 0.10.4"
      }
    },
    "node_modules/adbkit-monkey": {
      "version": "1.0.1",
      "resolved": "https://registry.npmjs.org/adbkit-monkey/-/adbkit-monkey-1.0.1.tgz",
      "integrity": "sha512-uU8p+p4sv7gLsjO/At4iPufoPD3R16kVbzDVecdIerR9RzhEK6PcyAJghdOXwrYKbhm7SmPQWsxVRloDBMINDA==",
      "dependencies": {
        "async": "~0.2.9"
      },
      "engines": {
        "node": ">= 0.10.4"
      }
    },
    "node_modules/async": {
      "version": "0.2.10",
      "resolved": "https://registry.npmjs.org/async/-/async-0.2.10.tgz",
      "integrity": "sha512-eAkdoKxU6/LkKDBzLpT+t6Ff5EtfSF4wx1WfJiPEEV7WNLnDaRXk0oVysiEPm262roaachGexwUv94WhSgN5TQ=="
    },
    "node_modules/bluebird": {
      "version": "1.1.1",
      "resolved": "https://registry.npmjs.org/bluebird/-/bluebird-1.1.1.tgz",
      "integrity": "sha512-2zqtRvlriJL+CZg6muZ9Hzhdvhp+NzT9xUHR47vaPNkq6cY+y2Uri2FHFq+ry5HYHIarulomYqiTWbxJmrOcQw=="
    },
    "node_modules/debug": {
      "version": "0.7.4",
      "resolved": "https://registry.npmjs.org/debug/-/debug-0.7.4.tgz",
      "integrity": "sha512-EohAb3+DSHSGx8carOSKJe8G0ayV5/i609OD0J2orCkuyae7SyZSz2aoLmQF2s0Pj5gITDebwPH7GFBlqOUQ1Q==",
      "engines": {
        "node": "*"
      }
    },
    "node_modules/split": {
      "version": "0.2.10",
      "resolved": "https://registry.npmjs.org/split/-/split-0.2.10.tgz",
      "integrity": "sha512-e0pKq+UUH2Xq/sXbYpZBZc3BawsfDZ7dgv+JtRTUPNcvF5CMR4Y9cvJqkMY0MoxWzTHvZuz1beg6pNEKlszPiQ==",
      "dependencies": {
        "through": "2"
      },
      "engines": {
        "node": "*"
      }
    },
    "node_modules/through": {
      "version": "2.3.8",
      "resolved": "https://registry.npmjs.org/through/-/through-2.3.8.tgz",
      "integrity": "sha512-w89qg7PI8wAdvX60bMDP+bFoD5Dvhm9oLheFp5O4a2QF0cSBGsBX4qZmadPMvVqlLJBBci+WqGGOAPvcDeNSVg=="
    },
    "node_modules/typescript": {
      "version": "5.1.6",
      "resolved": "https://registry.npmjs.org/typescript/-/typescript-5.1.6.tgz",
      "integrity": "sha512-zaWCozRZ6DLEWAWFrVDz1H6FVXzUSfTy5FUMWsQlU8Ym5JP9eO4xkTIROFCQvhQf61z6O/G6ugw3SgAnvvm+HA==",
      "dev": true,
      "bin": {
        "tsc": "bin/tsc",
        "tsserver": "bin/tsserver"
      },
      "engines": {
        "node": ">=14.17"
      }
    }
  }
}
